{
  "name": "simple",
  "version": "1.0.0",
  "lockfileVersion": 3,
  "requires": true,
  "packages": {
    "": {
      "name": "simple",
      "version": "1.0.0",
      "license": "ISC",
      "devDependencies": {
        "appsync-local-server": "file:../../"
      }
    },
    "../..": {
      "name": "appsync-local-server",
      "version": "0.0.2",
      "dev": true,
      "license": "MIT",
      "dependencies": {
        "@apollo/server": "^5.0.0",
        "@aws-sdk/client-dynamodb": "^3.859.0",
        "@aws-sdk/lib-dynamodb": "^3.859.0",
        "@graphql-tools/graphql-file-loader": "^8.0.22",
        "@graphql-tools/load": "^8.1.2",
        "@graphql-tools/schema": "^10.0.25",
        "acorn": "^8.15.0",
        "commander": "^14.0.0",
        "cors": "^2.8.5",
        "express": "^5.1.0",
        "graphql": "^16.11.0",
        "zod": "^3.24.2"
      },
      "bin": {
        "appsync-local": "bin/appsync-local.js"
      },
      "devDependencies": {
        "@types/jest": "^30.0.0",
        "jest": "^30.0.5",
        "jsonwebtoken": "^9.0.2",
        "nodemon": "^3.1.10",
        "supertest": "^7.1.4",
        "yargs": "^18.0.0"
      }
    },
    "../../appsync-local-server": {
      "extraneous": true
    },
    "../appsync-local-server": {
      "extraneous": true
    },
    "node_modules/appsync-local-server": {
      "resolved": "../..",
      "link": true
    }
  }
}
