{
  "name": "simple",
  "version": "1.0.0",
  "lockfileVersion": 3,
  "requires": true,
  "packages": {
    "": {
      "name": "simple",
      "version": "1.0.0",
      "license": "ISC",
      "devDependencies": {
        "appsync-local-server": "file:../../"
      }
    },
    "../..": {
      "name": "appsync-local-server",
      "version": "1.0.0",
      "dev": true,
      "license": "MIT",
      "dependencies": {
        "@graphql-tools/graphql-file-loader": "^8.0.19",
        "@graphql-tools/load": "^8.1.0",
        "@graphql-tools/schema": "^8.2.0",
        "apollo-server-express": "^2.25.2",
        "commander": "^10.0.0",
        "express": "^4.18.2",
        "graphql": "^16.11.0",
        "zod": "^3.21.4"
      },
      "bin": {
        "appsync-local": "bin/appsync-local.js"
      },
      "devDependencies": {
        "@graphql-tools/schema": "^8.2.0",
        "apollo-server-express": "^3.0.0",
        "express": "^4.18.2",
        "graphql": "^16.0.0",
        "jsonwebtoken": "^9.0.2",
        "nodemon": "^3.1.10",
        "yargs": "^17.0.0"
      }
    },
    "../../appsync-local-server": {
      "extraneous": true
    },
    "../appsync-local-server": {
      "extraneous": true
    },
    "node_modules/appsync-local-server": {
      "resolved": "../..",
      "link": true
    }
  }
}
